// !$*UTF8*$!
{
	archiveVersion = 1;
	classes = {
	};
	objectVersion = 77;
	objects = {

/* Begin PBXContainerItemProxy section */
		3823EC212E5A423D00F1B3FE /* PBXContainerItemProxy */ = {
			isa = PBXContainerItemProxy;
			containerPortal = 3823EC0B2E5A423C00F1B3FE /* Project object */;
			proxyType = 1;
			remoteGlobalIDString = 3823EC122E5A423C00F1B3FE;
			remoteInfo = ChoreRally;
		};
		3823EC2B2E5A423D00F1B3FE /* PBXContainerItemProxy */ = {
			isa = PBXContainerItemProxy;
			containerPortal = 3823EC0B2E5A423C00F1B3FE /* Project object */;
			proxyType = 1;
			remoteGlobalIDString = 3823EC122E5A423C00F1B3FE;
			remoteInfo = ChoreRally;
		};
/* End PBXContainerItemProxy section */

/* Begin PBXFileReference section */
		3823EC132E5A423C00F1B3FE /* ChoreRally.app */ = {isa = PBXFileReference; explicitFileType = wrapper.application; includeInIndex = 0; path = ChoreRally.app; sourceTree = BUILT_PRODUCTS_DIR; };
		3823EC202E5A423D00F1B3FE /* ChoreRallyTests.xctest */ = {isa = PBXFileReference; explicitFileType = wrapper.cfbundle; includeInIndex = 0; path = ChoreRallyTests.xctest; sourceTree = BUILT_PRODUCTS_DIR; };
		3823EC2A2E5A423D00F1B3FE /* ChoreRallyUITests.xctest */ = {isa = PBXFileReference; explicitFileType = wrapper.cfbundle; includeInIndex = 0; path = ChoreRallyUITests.xctest; sourceTree = BUILT_PRODUCTS_DIR; };
/* End PBXFileReference section */

/* Begin PBXFileSystemSynchronizedRootGroup section */
		3823EC152E5A423C00F1B3FE /* ChoreRally */ = {
			isa = PBXFileSystemSynchronizedRootGroup;
			path = ChoreRally;
			sourceTree = "<group>";
		};
		3823EC232E5A423D00F1B3FE /* ChoreRallyTests */ = {
			isa = PBXFileSystemSynchronizedRootGroup;
			path = ChoreRallyTests;
			sourceTree = "<group>";
		};
		3823EC2D2E5A423D00F1B3FE /* ChoreRallyUITests */ = {
			isa = PBXFileSystemSynchronizedRootGroup;
			path = ChoreRallyUITests;
			sourceTree = "<group>";
		};
/* End PBXFileSystemSynchronizedRootGroup section */

/* Begin PBXFrameworksBuildPhase section */
		3823EC102E5A423C00F1B3FE /* Frameworks */ = {
			isa = PBXFrameworksBuildPhase;
			buildActionMask = 2147483647;
			files = (
			);
			runOnlyForDeploymentPostprocessing = 0;
		};
		3823EC1D2E5A423D00F1B3FE /* Frameworks */ = {
			isa = PBXFrameworksBuildPhase;
			buildActionMask = 2147483647;
			files = (
			);
			runOnlyForDeploymentPostprocessing = 0;
		};
		3823EC272E5A423D00F1B3FE /* Frameworks */ = {
			isa = PBXFrameworksBuildPhase;
			buildActionMask = 2147483647;
			files = (
			);
			runOnlyForDeploymentPostprocessing = 0;
		};
/* End PBXFrameworksBuildPhase section */

/* Begin PBXGroup section */
		3823EC0A2E5A423C00F1B3FE = {
			isa = PBXGroup;
			children = (
				3823EC152E5A423C00F1B3FE /* ChoreRally */,
				3823EC232E5A423D00F1B3FE /* ChoreRallyTests */,
				3823EC2D2E5A423D00F1B3FE /* ChoreRallyUITests */,
				3823EC142E5A423C00F1B3FE /* Products */,
			);
			sourceTree = "<group>";
		};
		3823EC142E5A423C00F1B3FE /* Products */ = {
			isa = PBXGroup;
			children = (
				3823EC132E5A423C00F1B3FE /* ChoreRally.app */,
				3823EC202E5A423D00F1B3FE /* ChoreRallyTests.xctest */,
				3823EC2A2E5A423D00F1B3FE /* ChoreRallyUITests.xctest */,
			);
			name = Products;
			sourceTree = "<group>";
		};
/* End PBXGroup section */

/* Begin PBXNativeTarget section */
		3823EC122E5A423C00F1B3FE /* ChoreRally */ = {
			isa = PBXNativeTarget;
			buildConfigurationList = 3823EC342E5A423D00F1B3FE /* Build configuration list for PBXNativeTarget "ChoreRally" */;
			buildPhases = (
				3823EC0F2E5A423C00F1B3FE /* Sources */,
				3823EC102E5A423C00F1B3FE /* Frameworks */,
				3823EC112E5A423C00F1B3FE /* Resources */,
			);
			buildRules = (
			);
			dependencies = (
			);
			fileSystemSynchronizedGroups = (
				3823EC152E5A423C00F1B3FE /* ChoreRally */,
			);
			name = ChoreRally;
			packageProductDependencies = (
			);
			productName = ChoreRally;
			productReference = 3823EC132E5A423C00F1B3FE /* ChoreRally.app */;
			productType = "com.apple.product-type.application";
		};
		3823EC1F2E5A423D00F1B3FE /* ChoreRallyTests */ = {
			isa = PBXNativeTarget;
			buildConfigurationList = 3823EC372E5A423D00F1B3FE /* Build configuration list for PBXNativeTarget "ChoreRallyTests" */;
			buildPhases = (
				3823EC1C2E5A423D00F1B3FE /* Sources */,
				3823EC1D2E5A423D00F1B3FE /* Frameworks */,
				3823EC1E2E5A423D00F1B3FE /* Resources */,
			);
			buildRules = (
			);
			dependencies = (
				3823EC222E5A423D00F1B3FE /* PBXTargetDependency */,
			);
			fileSystemSynchronizedGroups = (
				3823EC232E5A423D00F1B3FE /* ChoreRallyTests */,
			);
			name = ChoreRallyTests;
			packageProductDependencies = (
			);
			productName = ChoreRallyTests;
			productReference = 3823EC202E5A423D00F1B3FE /* ChoreRallyTests.xctest */;
			productType = "com.apple.product-type.bundle.unit-test";
		};
		3823EC292E5A423D00F1B3FE /* ChoreRallyUITests */ = {
			isa = PBXNativeTarget;
			buildConfigurationList = 3823EC3A2E5A423D00F1B3FE /* Build configuration list for PBXNativeTarget "ChoreRallyUITests" */;
			buildPhases = (
				3823EC262E5A423D00F1B3FE /* Sources */,
				3823EC272E5A423D00F1B3FE /* Frameworks */,
				3823EC282E5A423D00F1B3FE /* Resources */,
			);
			buildRules = (
			);
			dependencies = (
				3823EC2C2E5A423D00F1B3FE /* PBXTargetDependency */,
			);
			fileSystemSynchronizedGroups = (
				3823EC2D2E5A423D00F1B3FE /* ChoreRallyUITests */,
			);
			name = ChoreRallyUITests;
			packageProductDependencies = (
			);
			productName = ChoreRallyUITests;
			productReference = 3823EC2A2E5A423D00F1B3FE /* ChoreRallyUITests.xctest */;
			productType = "com.apple.product-type.bundle.ui-testing";
		};
/* End PBXNativeTarget section */

/* Begin PBXProject section */
		3823EC0B2E5A423C00F1B3FE /* Project object */ = {
			isa = PBXProject;
			attributes = {
				BuildIndependentTargetsInParallel = 1;
				LastSwiftUpdateCheck = 1640;
				LastUpgradeCheck = 1640;
				TargetAttributes = {
					3823EC122E5A423C00F1B3FE = {
						CreatedOnToolsVersion = 16.4;
					};
					3823EC1F2E5A423D00F1B3FE = {
						CreatedOnToolsVersion = 16.4;
						TestTargetID = 3823EC122E5A423C00F1B3FE;
					};
					3823EC292E5A423D00F1B3FE = {
						CreatedOnToolsVersion = 16.4;
						TestTargetID = 3823EC122E5A423C00F1B3FE;
					};
				};
			};
			buildConfigurationList = 3823EC0E2E5A423C00F1B3FE /* Build configuration list for PBXProject "ChoreRally" */;
			developmentRegion = en;
			hasScannedForEncodings = 0;
			knownRegions = (
				en,
				Base,
			);
			mainGroup = 3823EC0A2E5A423C00F1B3FE;
			minimizedProjectReferenceProxies = 1;
			preferredProjectObjectVersion = 77;
			productRefGroup = 3823EC142E5A423C00F1B3FE /* Products */;
			projectDirPath = "";
			projectRoot = "";
			targets = (
				3823EC122E5A423C00F1B3FE /* ChoreRally */,
				3823EC1F2E5A423D00F1B3FE /* ChoreRallyTests */,
				3823EC292E5A423D00F1B3FE /* ChoreRallyUITests */,
			);
		};
/* End PBXProject section */

/* Begin PBXResourcesBuildPhase section */
		3823EC112E5A423C00F1B3FE /* Resources */ = {
			isa = PBXResourcesBuildPhase;
			buildActionMask = 2147483647;
			files = (
			);
			runOnlyForDeploymentPostprocessing = 0;
		};
		3823EC1E2E5A423D00F1B3FE /* Resources */ = {
			isa = PBXResourcesBuildPhase;
			buildActionMask = 2147483647;
			files = (
			);
			runOnlyForDeploymentPostprocessing = 0;
		};
		3823EC282E5A423D00F1B3FE /* Resources */ = {
			isa = PBXResourcesBuildPhase;
			buildActionMask = 2147483647;
			files = (
			);
			runOnlyForDeploymentPostprocessing = 0;
		};
/* End PBXResourcesBuildPhase section */

/* Begin PBXSourcesBuildPhase section */
		3823EC0F2E5A423C00F1B3FE /* Sources */ = {
			isa = PBXSourcesBuildPhase;
			buildActionMask = 2147483647;
			files = (
			);
			runOnlyForDeploymentPostprocessing = 0;
		};
		3823EC1C2E5A423D00F1B3FE /* Sources */ = {
			isa = PBXSourcesBuildPhase;
			buildActionMask = 2147483647;
			files = (
			);
			runOnlyForDeploymentPostprocessing = 0;
		};
		3823EC262E5A423D00F1B3FE /* Sources */ = {
			isa = PBXSourcesBuildPhase;
			buildActionMask = 2147483647;
			files = (
			);
			runOnlyForDeploymentPostprocessing = 0;
		};
/* End PBXSourcesBuildPhase section */

/* Begin PBXTargetDependency section */
		3823EC222E5A423D00F1B3FE /* PBXTargetDependency */ = {
			isa = PBXTargetDependency;
			target = 3823EC122E5A423C00F1B3FE /* ChoreRally */;
			targetProxy = 3823EC212E5A423D00F1B3FE /* PBXContainerItemProxy */;
		};
		3823EC2C2E5A423D00F1B3FE /* PBXTargetDependency */ = {
			isa = PBXTargetDependency;
			target = 3823EC122E5A423C00F1B3FE /* ChoreRally */;
			targetProxy = 3823EC2B2E5A423D00F1B3FE /* PBXContainerItemProxy */;
		};
/* End PBXTargetDependency section */

/* Begin XCBuildConfiguration section */
		3823EC322E5A423D00F1B3FE /* Debug */ = {
			isa = XCBuildConfiguration;
			buildSettings = {
				ALWAYS_SEARCH_USER_PATHS = NO;
				ASSETCATALOG_COMPILER_GENERATE_SWIFT_ASSET_SYMBOL_EXTENSIONS = YES;
				CLANG_ANALYZER_NONNULL = YES;
				CLANG_ANALYZER_NUMBER_OBJECT_CONVERSION = YES_AGGRESSIVE;
				CLANG_CXX_LANGUAGE_STANDARD = "gnu++20";
				CLANG_ENABLE_MODULES = YES;
				CLANG_ENABLE_OBJC_ARC = YES;
				CLANG_ENABLE_OBJC_WEAK = YES;
				CLANG_WARN_BLOCK_CAPTURE_AUTORELEASING = YES;
				CLANG_WARN_BOOL_CONVERSION = YES;
				CLANG_WARN_COMMA = YES;
				CLANG_WARN_CONSTANT_CONVERSION = YES;
				CLANG_WARN_DEPRECATED_OBJC_IMPLEMENTATIONS = YES;
				CLANG_WARN_DIRECT_OBJC_ISA_USAGE = YES_ERROR;
				CLANG_WARN_DOCUMENTATION_COMMENTS = YES;
				CLANG_WARN_EMPTY_BODY = YES;
				CLANG_WARN_ENUM_CONVERSION = YES;
				CLANG_WARN_INFINITE_RECURSION = YES;
				CLANG_WARN_INT_CONVERSION = YES;
				CLANG_WARN_NON_LITERAL_NULL_CONVERSION = YES;
				CLANG_WARN_OBJC_IMPLICIT_RETAIN_SELF = YES;
				CLANG_WARN_OBJC_LITERAL_CONVERSION = YES;
				CLANG_WARN_OBJC_ROOT_CLASS = YES_ERROR;
				CLANG_WARN_QUOTED_INCLUDE_IN_FRAMEWORK_HEADER = YES;
				CLANG_WARN_RANGE_LOOP_ANALYSIS = YES;
				CLANG_WARN_STRICT_PROTOTYPES = YES;
				CLANG_WARN_SUSPICIOUS_MOVE = YES;
				CLANG_WARN_UNGUARDED_AVAILABILITY = YES_AGGRESSIVE;
				CLANG_WARN_UNREACHABLE_CODE = YES;
				CLANG_WARN__DUPLICATE_METHOD_MATCH = YES;
				COPY_PHASE_STRIP = NO;
				DEBUG_INFORMATION_FORMAT = dwarf;
				DEVELOPMENT_TEAM = 78897N6A2M;
				ENABLE_STRICT_OBJC_MSGSEND = YES;
				ENABLE_TESTABILITY = YES;
				ENABLE_USER_SCRIPT_SANDBOXING = YES;
				GCC_C_LANGUAGE_STANDARD = gnu17;
				GCC_DYNAMIC_NO_PIC = NO;
				GCC_NO_COMMON_BLOCKS = YES;
				GCC_OPTIMIZATION_LEVEL = 0;
				GCC_PREPROCESSOR_DEFINITIONS = (
					"DEBUG=1",
					"$(inherited)",
				);
				GCC_WARN_64_TO_32_BIT_CONVERSION = YES;
				GCC_WARN_ABOUT_RETURN_TYPE = YES_ERROR;
				GCC_WARN_UNDECLARED_SELECTOR = YES;
				GCC_WARN_UNINITIALIZED_AUTOS = YES_AGGRESSIVE;
				GCC_WARN_UNUSED_FUNCTION = YES;
				GCC_WARN_UNUSED_VARIABLE = YES;
				IPHONEOS_DEPLOYMENT_TARGET = 18.5;
				LOCALIZATION_PREFERS_STRING_CATALOGS = YES;
				MTL_ENABLE_DEBUG_INFO = INCLUDE_SOURCE;
				MTL_FAST_MATH = YES;
				ONLY_ACTIVE_ARCH = YES;
				SDKROOT = iphoneos;
				SWIFT_ACTIVE_COMPILATION_CONDITIONS = "DEBUG $(inherited)";
				SWIFT_OPTIMIZATION_LEVEL = "-Onone";
			};
			name = Debug;
		};
		3823EC332E5A423D00F1B3FE /* Release */ = {
			isa = XCBuildConfiguration;
			buildSettings = {
				ALWAYS_SEARCH_USER_PATHS = NO;
				ASSETCATALOG_COMPILER_GENERATE_SWIFT_ASSET_SYMBOL_EXTENSIONS = YES;
				CLANG_ANALYZER_NONNULL = YES;
				CLANG_ANALYZER_NUMBER_OBJECT_CONVERSION = YES_AGGRESSIVE;
				CLANG_CXX_LANGUAGE_STANDARD = "gnu++20";
				CLANG_ENABLE_MODULES = YES;
				CLANG_ENABLE_OBJC_ARC = YES;
				CLANG_ENABLE_OBJC_WEAK = YES;
				CLANG_WARN_BLOCK_CAPTURE_AUTORELEASING = YES;
				CLANG_WARN_BOOL_CONVERSION = YES;
				CLANG_WARN_COMMA = YES;
				CLANG_WARN_CONSTANT_CONVERSION = YES;
				CLANG_WARN_DEPRECATED_OBJC_IMPLEMENTATIONS = YES;
				CLANG_WARN_DIRECT_OBJC_ISA_USAGE = YES_ERROR;
				CLANG_WARN_DOCUMENTATION_COMMENTS = YES;
				CLANG_WARN_EMPTY_BODY = YES;
				CLANG_WARN_ENUM_CONVERSION = YES;
				CLANG_WARN_INFINITE_RECURSION = YES;
				CLANG_WARN_INT_CONVERSION = YES;
				CLANG_WARN_NON_LITERAL_NULL_CONVERSION = YES;
				CLANG_WARN_OBJC_IMPLICIT_RETAIN_SELF = YES;
				CLANG_WARN_OBJC_LITERAL_CONVERSION = YES;
				CLANG_WARN_OBJC_ROOT_CLASS = YES_ERROR;
				CLANG_WARN_QUOTED_INCLUDE_IN_FRAMEWORK_HEADER = YES;
				CLANG_WARN_RANGE_LOOP_ANALYSIS = YES;
				CLANG_WARN_STRICT_PROTOTYPES = YES;
				CLANG_WARN_SUSPICIOUS_MOVE = YES;
				CLANG_WARN_UNGUARDED_AVAILABILITY = YES_AGGRESSIVE;
				CLANG_WARN_UNREACHABLE_CODE = YES;
				CLANG_WARN__DUPLICATE_METHOD_MATCH = YES;
				COPY_PHASE_STRIP = NO;
				DEBUG_INFORMATION_FORMAT = "dwarf-with-dsym";
				DEVELOPMENT_TEAM = 78897N6A2M;
				ENABLE_NS_ASSERTIONS = NO;
				ENABLE_STRICT_OBJC_MSGSEND = YES;
				ENABLE_USER_SCRIPT_SANDBOXING = YES;
				GCC_C_LANGUAGE_STANDARD = gnu17;
				GCC_NO_COMMON_BLOCKS = YES;
				GCC_WARN_64_TO_32_BIT_CONVERSION = YES;
				GCC_WARN_ABOUT_RETURN_TYPE = YES_ERROR;
				GCC_WARN_UNDECLARED_SELECTOR = YES;
				GCC_WARN_UNINITIALIZED_AUTOS = YES_AGGRESSIVE;
				GCC_WARN_UNUSED_FUNCTION = YES;
				GCC_WARN_UNUSED_VARIABLE = YES;
				IPHONEOS_DEPLOYMENT_TARGET = 18.5;
				LOCALIZATION_PREFERS_STRING_CATALOGS = YES;
				MTL_ENABLE_DEBUG_INFO = NO;
				MTL_FAST_MATH = YES;
				SDKROOT = iphoneos;
				SWIFT_COMPILATION_MODE = wholemodule;
				VALIDATE_PRODUCT = YES;
			};
			name = Release;
		};
		3823EC352E5A423D00F1B3FE /* Debug */ = {
			isa = XCBuildConfiguration;
			buildSettings = {
				ASSETCATALOG_COMPILER_APPICON_NAME = AppIcon;
				ASSETCATALOG_COMPILER_GLOBAL_ACCENT_COLOR_NAME = AccentColor;
				CODE_SIGN_STYLE = Automatic;
				CURRENT_PROJECT_VERSION = 1;
				DEVELOPMENT_TEAM = 78897N6A2M;
				ENABLE_PREVIEWS = YES;
				GENERATE_INFOPLIST_FILE = YES;
				INFOPLIST_KEY_UIApplicationSceneManifest_Generation = YES;
				INFOPLIST_KEY_UIApplicationSupportsIndirectInputEvents = YES;
				INFOPLIST_KEY_UILaunchScreen_Generation = YES;
				INFOPLIST_KEY_UISupportedInterfaceOrientations_iPad = "UIInterfaceOrientationPortrait UIInterfaceOrientationPortraitUpsideDown UIInterfaceOrientationLandscapeLeft UIInterfaceOrientationLandscapeRight";
				INFOPLIST_KEY_UISupportedInterfaceOrientations_iPhone = "UIInterfaceOrientationPortrait UIInterfaceOrientationLandscapeLeft UIInterfaceOrientationLandscapeRight";
				LD_RUNPATH_SEARCH_PATHS = (
					"$(inherited)",
					"@executable_path/Frameworks",
				);
				MARKETING_VERSION = 1.0;
				PRODUCT_BUNDLE_IDENTIFIER = com.jimbergren.ChoreRally;
				PRODUCT_NAME = "$(TARGET_NAME)";
				SWIFT_EMIT_LOC_STRINGS = YES;
				SWIFT_VERSION = 5.0;
				TARGETED_DEVICE_FAMILY = "1,2";
			};
			name = Debug;
		};
		3823EC362E5A423D00F1B3FE /* Release */ = {
			isa = XCBuildConfiguration;
			buildSettings = {
				ASSETCATALOG_COMPILER_APPICON_NAME = AppIcon;
				ASSETCATALOG_COMPILER_GLOBAL_ACCENT_COLOR_NAME = AccentColor;
				CODE_SIGN_STYLE = Automatic;
				CURRENT_PROJECT_VERSION = 1;
				DEVELOPMENT_TEAM = 78897N6A2M;
				ENABLE_PREVIEWS = YES;
				GENERATE_INFOPLIST_FILE = YES;
				INFOPLIST_KEY_UIApplicationSceneManifest_Generation = YES;
				INFOPLIST_KEY_UIApplicationSupportsIndirectInputEvents = YES;
				INFOPLIST_KEY_UILaunchScreen_Generation = YES;
				INFOPLIST_KEY_UISupportedInterfaceOrientations_iPad = "UIInterfaceOrientationPortrait UIInterfaceOrientationPortraitUpsideDown UIInterfaceOrientationLandscapeLeft UIInterfaceOrientationLandscapeRight";
				INFOPLIST_KEY_UISupportedInterfaceOrientations_iPhone = "UIInterfaceOrientationPortrait UIInterfaceOrientationLandscapeLeft UIInterfaceOrientationLandscapeRight";
				LD_RUNPATH_SEARCH_PATHS = (
					"$(inherited)",
					"@executable_path/Frameworks",
				);
				MARKETING_VERSION = 1.0;
				PRODUCT_BUNDLE_IDENTIFIER = com.jimbergren.ChoreRally;
				PRODUCT_NAME = "$(TARGET_NAME)";
				SWIFT_EMIT_LOC_STRINGS = YES;
				SWIFT_VERSION = 5.0;
				TARGETED_DEVICE_FAMILY = "1,2";
			};
			name = Release;
		};
		3823EC382E5A423D00F1B3FE /* Debug */ = {
			isa = XCBuildConfiguration;
			buildSettings = {
				BUNDLE_LOADER = "$(TEST_HOST)";
				CODE_SIGN_STYLE = Automatic;
				CURRENT_PROJECT_VERSION = 1;
				DEVELOPMENT_TEAM = 78897N6A2M;
				GENERATE_INFOPLIST_FILE = YES;
				IPHONEOS_DEPLOYMENT_TARGET = 18.5;
				MARKETING_VERSION = 1.0;
				PRODUCT_BUNDLE_IDENTIFIER = com.jimbergren.ChoreRallyTests;
				PRODUCT_NAME = "$(TARGET_NAME)";
				SWIFT_EMIT_LOC_STRINGS = NO;
				SWIFT_VERSION = 5.0;
				TARGETED_DEVICE_FAMILY = "1,2";
				TEST_HOST = "$(BUILT_PRODUCTS_DIR)/ChoreRally.app/$(BUNDLE_EXECUTABLE_FOLDER_PATH)/ChoreRally";
			};
			name = Debug;
		};
		3823EC392E5A423D00F1B3FE /* Release */ = {
			isa = XCBuildConfiguration;
			buildSettings = {
				BUNDLE_LOADER = "$(TEST_HOST)";
				CODE_SIGN_STYLE = Automatic;
				CURRENT_PROJECT_VERSION = 1;
				DEVELOPMENT_TEAM = 78897N6A2M;
				GENERATE_INFOPLIST_FILE = YES;
				IPHONEOS_DEPLOYMENT_TARGET = 18.5;
				MARKETING_VERSION = 1.0;
				PRODUCT_BUNDLE_IDENTIFIER = com.jimbergren.ChoreRallyTests;
				PRODUCT_NAME = "$(TARGET_NAME)";
				SWIFT_EMIT_LOC_STRINGS = NO;
				SWIFT_VERSION = 5.0;
				TARGETED_DEVICE_FAMILY = "1,2";
				TEST_HOST = "$(BUILT_PRODUCTS_DIR)/ChoreRally.app/$(BUNDLE_EXECUTABLE_FOLDER_PATH)/ChoreRally";
			};
			name = Release;
		};
		3823EC3B2E5A423D00F1B3FE /* Debug */ = {
			isa = XCBuildConfiguration;
			buildSettings = {
				CODE_SIGN_STYLE = Automatic;
				CURRENT_PROJECT_VERSION = 1;
				DEVELOPMENT_TEAM = 78897N6A2M;
				GENERATE_INFOPLIST_FILE = YES;
				MARKETING_VERSION = 1.0;
				PRODUCT_BUNDLE_IDENTIFIER = com.jimbergren.ChoreRallyUITests;
				PRODUCT_NAME = "$(TARGET_NAME)";
				SWIFT_EMIT_LOC_STRINGS = NO;
				SWIFT_VERSION = 5.0;
				TARGETED_DEVICE_FAMILY = "1,2";
				TEST_TARGET_NAME = ChoreRally;
			};
			name = Debug;
		};
		3823EC3C2E5A423D00F1B3FE /* Release */ = {
			isa = XCBuildConfiguration;
			buildSettings = {
				CODE_SIGN_STYLE = Automatic;
				CURRENT_PROJECT_VERSION = 1;
				DEVELOPMENT_TEAM = 78897N6A2M;
				GENERATE_INFOPLIST_FILE = YES;
				MARKETING_VERSION = 1.0;
				PRODUCT_BUNDLE_IDENTIFIER = com.jimbergren.ChoreRallyUITests;
				PRODUCT_NAME = "$(TARGET_NAME)";
				SWIFT_EMIT_LOC_STRINGS = NO;
				SWIFT_VERSION = 5.0;
				TARGETED_DEVICE_FAMILY = "1,2";
				TEST_TARGET_NAME = ChoreRally;
			};
			name = Release;
		};
/* End XCBuildConfiguration section */

/* Begin XCConfigurationList section */
		3823EC0E2E5A423C00F1B3FE /* Build configuration list for PBXProject "ChoreRally" */ = {
			isa = XCConfigurationList;
			buildConfigurations = (
				3823EC322E5A423D00F1B3FE /* Debug */,
				3823EC332E5A423D00F1B3FE /* Release */,
			);
			defaultConfigurationIsVisible = 0;
			defaultConfigurationName = Release;
		};
		3823EC342E5A423D00F1B3FE /* Build configuration list for PBXNativeTarget "ChoreRally" */ = {
			isa = XCConfigurationList;
			buildConfigurations = (
				3823EC352E5A423D00F1B3FE /* Debug */,
				3823EC362E5A423D00F1B3FE /* Release */,
			);
			defaultConfigurationIsVisible = 0;
			defaultConfigurationName = Release;
		};
		3823EC372E5A423D00F1B3FE /* Build configuration list for PBXNativeTarget "ChoreRallyTests" */ = {
			isa = XCConfigurationList;
			buildConfigurations = (
				3823EC382E5A423D00F1B3FE /* Debug */,
				3823EC392E5A423D00F1B3FE /* Release */,
			);
			defaultConfigurationIsVisible = 0;
			defaultConfigurationName = Release;
		};
		3823EC3A2E5A423D00F1B3FE /* Build configuration list for PBXNativeTarget "ChoreRallyUITests" */ = {
			isa = XCConfigurationList;
			buildConfigurations = (
				3823EC3B2E5A423D00F1B3FE /* Debug */,
				3823EC3C2E5A423D00F1B3FE /* Release */,
			);
			defaultConfigurationIsVisible = 0;
			defaultConfigurationName = Release;
		};
/* End XCConfigurationList section */
	};
	rootObject = 3823EC0B2E5A423C00F1B3FE /* Project object */;
}
